// !$*UTF8*$!
{
	archiveVersion = 1;
	classes = {
	};
	objectVersion = 50;
	objects = {

/* Begin PBXBuildFile section */
		15A3B50526EE147B00A57ADD /* AppDelegate.swift in Sources */ = {isa = PBXBuildFile; fileRef = 15A3B50426EE147B00A57ADD /* AppDelegate.swift */; };
		15A3B50726EE147B00A57ADD /* SceneDelegate.swift in Sources */ = {isa = PBXBuildFile; fileRef = 15A3B50626EE147B00A57ADD /* SceneDelegate.swift */; };
		15A3B50C26EE147B00A57ADD /* Main.storyboard in Resources */ = {isa = PBXBuildFile; fileRef = 15A3B50A26EE147B00A57ADD /* Main.storyboard */; };
		15A3B50F26EE147B00A57ADD /* AppleContacts.xcdatamodeld in Sources */ = {isa = PBXBuildFile; fileRef = 15A3B50D26EE147B00A57ADD /* AppleContacts.xcdatamodeld */; };
		15A3B51126EE147B00A57ADD /* Assets.xcassets in Resources */ = {isa = PBXBuildFile; fileRef = 15A3B51026EE147B00A57ADD /* Assets.xcassets */; };
		15A3B51426EE147B00A57ADD /* LaunchScreen.storyboard in Resources */ = {isa = PBXBuildFile; fileRef = 15A3B51226EE147B00A57ADD /* LaunchScreen.storyboard */; };
		15A3B51F26EE16B900A57ADD /* MainVC.swift in Sources */ = {isa = PBXBuildFile; fileRef = 15A3B51E26EE16B900A57ADD /* MainVC.swift */; };
		15A3B52226EE19F000A57ADD /* MainNameTVC.swift in Sources */ = {isa = PBXBuildFile; fileRef = 15A3B52126EE19F000A57ADD /* MainNameTVC.swift */; };
		15A3B52526EE1EB900A57ADD /* AddContact.storyboard in Resources */ = {isa = PBXBuildFile; fileRef = 15A3B52426EE1EB900A57ADD /* AddContact.storyboard */; };
		15A3B52726EE1ECE00A57ADD /* AddContactVC.swift in Sources */ = {isa = PBXBuildFile; fileRef = 15A3B52626EE1ECE00A57ADD /* AddContactVC.swift */; };
		15A3B52A26EE55E100A57ADD /* AddPhotoTVC.swift in Sources */ = {isa = PBXBuildFile; fileRef = 15A3B52926EE55E100A57ADD /* AddPhotoTVC.swift */; };
		15A3B52C26EF16DF00A57ADD /* AddInputTVC.swift in Sources */ = {isa = PBXBuildFile; fileRef = 15A3B52B26EF16DF00A57ADD /* AddInputTVC.swift */; };
/* End PBXBuildFile section */

/* Begin PBXFileReference section */
		15A3B50126EE147B00A57ADD /* AppleContacts.app */ = {isa = PBXFileReference; explicitFileType = wrapper.application; includeInIndex = 0; path = AppleContacts.app; sourceTree = BUILT_PRODUCTS_DIR; };
		15A3B50426EE147B00A57ADD /* AppDelegate.swift */ = {isa = PBXFileReference; lastKnownFileType = sourcecode.swift; path = AppDelegate.swift; sourceTree = "<group>"; };
		15A3B50626EE147B00A57ADD /* SceneDelegate.swift */ = {isa = PBXFileReference; lastKnownFileType = sourcecode.swift; path = SceneDelegate.swift; sourceTree = "<group>"; };
		15A3B50B26EE147B00A57ADD /* Base */ = {isa = PBXFileReference; lastKnownFileType = file.storyboard; name = Base; path = Base.lproj/Main.storyboard; sourceTree = "<group>"; };
		15A3B50E26EE147B00A57ADD /* AppleContacts.xcdatamodel */ = {isa = PBXFileReference; lastKnownFileType = wrapper.xcdatamodel; path = AppleContacts.xcdatamodel; sourceTree = "<group>"; };
		15A3B51026EE147B00A57ADD /* Assets.xcassets */ = {isa = PBXFileReference; lastKnownFileType = folder.assetcatalog; path = Assets.xcassets; sourceTree = "<group>"; };
		15A3B51326EE147B00A57ADD /* Base */ = {isa = PBXFileReference; lastKnownFileType = file.storyboard; name = Base; path = Base.lproj/LaunchScreen.storyboard; sourceTree = "<group>"; };
		15A3B51526EE147B00A57ADD /* Info.plist */ = {isa = PBXFileReference; lastKnownFileType = text.plist.xml; path = Info.plist; sourceTree = "<group>"; };
		15A3B51E26EE16B900A57ADD /* MainVC.swift */ = {isa = PBXFileReference; lastKnownFileType = sourcecode.swift; path = MainVC.swift; sourceTree = "<group>"; };
		15A3B52126EE19F000A57ADD /* MainNameTVC.swift */ = {isa = PBXFileReference; lastKnownFileType = sourcecode.swift; path = MainNameTVC.swift; sourceTree = "<group>"; };
		15A3B52426EE1EB900A57ADD /* AddContact.storyboard */ = {isa = PBXFileReference; lastKnownFileType = file.storyboard; path = AddContact.storyboard; sourceTree = "<group>"; };
		15A3B52626EE1ECE00A57ADD /* AddContactVC.swift */ = {isa = PBXFileReference; lastKnownFileType = sourcecode.swift; path = AddContactVC.swift; sourceTree = "<group>"; };
		15A3B52926EE55E100A57ADD /* AddPhotoTVC.swift */ = {isa = PBXFileReference; lastKnownFileType = sourcecode.swift; path = AddPhotoTVC.swift; sourceTree = "<group>"; };
		15A3B52B26EF16DF00A57ADD /* AddInputTVC.swift */ = {isa = PBXFileReference; lastKnownFileType = sourcecode.swift; path = AddInputTVC.swift; sourceTree = "<group>"; };
/* End PBXFileReference section */

/* Begin PBXFrameworksBuildPhase section */
		15A3B4FE26EE147B00A57ADD /* Frameworks */ = {
			isa = PBXFrameworksBuildPhase;
			buildActionMask = 2147483647;
			files = (
			);
			runOnlyForDeploymentPostprocessing = 0;
		};
/* End PBXFrameworksBuildPhase section */

/* Begin PBXGroup section */
		15A3B4F826EE147A00A57ADD = {
			isa = PBXGroup;
			children = (
				15A3B50326EE147B00A57ADD /* AppleContacts */,
				15A3B50226EE147B00A57ADD /* Products */,
			);
			sourceTree = "<group>";
		};
		15A3B50226EE147B00A57ADD /* Products */ = {
			isa = PBXGroup;
			children = (
				15A3B50126EE147B00A57ADD /* AppleContacts.app */,
			);
			name = Products;
			sourceTree = "<group>";
		};
		15A3B50326EE147B00A57ADD /* AppleContacts */ = {
			isa = PBXGroup;
			children = (
				15A3B51B26EE148800A57ADD /* Configuration */,
				15A3B51C26EE148F00A57ADD /* Source */,
				15A3B50426EE147B00A57ADD /* AppDelegate.swift */,
				15A3B50626EE147B00A57ADD /* SceneDelegate.swift */,
				15A3B51026EE147B00A57ADD /* Assets.xcassets */,
				15A3B51226EE147B00A57ADD /* LaunchScreen.storyboard */,
				15A3B51526EE147B00A57ADD /* Info.plist */,
				15A3B50D26EE147B00A57ADD /* AppleContacts.xcdatamodeld */,
			);
			path = AppleContacts;
			sourceTree = "<group>";
		};
		15A3B51B26EE148800A57ADD /* Configuration */ = {
			isa = PBXGroup;
			children = (
			);
			path = Configuration;
			sourceTree = "<group>";
		};
		15A3B51C26EE148F00A57ADD /* Source */ = {
			isa = PBXGroup;
			children = (
				15A3B51D26EE149800A57ADD /* Main */,
				15A3B52326EE1E9900A57ADD /* AddContact */,
			);
			path = Source;
			sourceTree = "<group>";
		};
		15A3B51D26EE149800A57ADD /* Main */ = {
			isa = PBXGroup;
			children = (
				15A3B50A26EE147B00A57ADD /* Main.storyboard */,
				15A3B51E26EE16B900A57ADD /* MainVC.swift */,
				15A3B52026EE19D600A57ADD /* Cell */,
			);
			path = Main;
			sourceTree = "<group>";
		};
		15A3B52026EE19D600A57ADD /* Cell */ = {
			isa = PBXGroup;
			children = (
				15A3B52126EE19F000A57ADD /* MainNameTVC.swift */,
			);
			path = Cell;
			sourceTree = "<group>";
		};
		15A3B52326EE1E9900A57ADD /* AddContact */ = {
			isa = PBXGroup;
			children = (
				15A3B52426EE1EB900A57ADD /* AddContact.storyboard */,
				15A3B52626EE1ECE00A57ADD /* AddContactVC.swift */,
				15A3B52826EE55C600A57ADD /* Cell */,
			);
			path = AddContact;
			sourceTree = "<group>";
		};
		15A3B52826EE55C600A57ADD /* Cell */ = {
			isa = PBXGroup;
			children = (
				15A3B52926EE55E100A57ADD /* AddPhotoTVC.swift */,
				15A3B52B26EF16DF00A57ADD /* AddInputTVC.swift */,
			);
			path = Cell;
			sourceTree = "<group>";
		};
/* End PBXGroup section */

/* Begin PBXNativeTarget section */
		15A3B50026EE147B00A57ADD /* AppleContacts */ = {
			isa = PBXNativeTarget;
			buildConfigurationList = 15A3B51826EE147B00A57ADD /* Build configuration list for PBXNativeTarget "AppleContacts" */;
			buildPhases = (
				15A3B4FD26EE147B00A57ADD /* Sources */,
				15A3B4FE26EE147B00A57ADD /* Frameworks */,
				15A3B4FF26EE147B00A57ADD /* Resources */,
			);
			buildRules = (
			);
			dependencies = (
			);
			name = AppleContacts;
			productName = AppleContacts;
			productReference = 15A3B50126EE147B00A57ADD /* AppleContacts.app */;
			productType = "com.apple.product-type.application";
		};
/* End PBXNativeTarget section */

/* Begin PBXProject section */
		15A3B4F926EE147A00A57ADD /* Project object */ = {
			isa = PBXProject;
			attributes = {
				LastSwiftUpdateCheck = 1250;
				LastUpgradeCheck = 1250;
				TargetAttributes = {
					15A3B50026EE147B00A57ADD = {
						CreatedOnToolsVersion = 12.5;
					};
				};
			};
			buildConfigurationList = 15A3B4FC26EE147A00A57ADD /* Build configuration list for PBXProject "AppleContacts" */;
			compatibilityVersion = "Xcode 9.3";
			developmentRegion = en;
			hasScannedForEncodings = 0;
			knownRegions = (
				en,
				Base,
			);
			mainGroup = 15A3B4F826EE147A00A57ADD;
			productRefGroup = 15A3B50226EE147B00A57ADD /* Products */;
			projectDirPath = "";
			projectRoot = "";
			targets = (
				15A3B50026EE147B00A57ADD /* AppleContacts */,
			);
		};
/* End PBXProject section */

/* Begin PBXResourcesBuildPhase section */
		15A3B4FF26EE147B00A57ADD /* Resources */ = {
			isa = PBXResourcesBuildPhase;
			buildActionMask = 2147483647;
			files = (
				15A3B51426EE147B00A57ADD /* LaunchScreen.storyboard in Resources */,
				15A3B52526EE1EB900A57ADD /* AddContact.storyboard in Resources */,
				15A3B51126EE147B00A57ADD /* Assets.xcassets in Resources */,
				15A3B50C26EE147B00A57ADD /* Main.storyboard in Resources */,
			);
			runOnlyForDeploymentPostprocessing = 0;
		};
/* End PBXResourcesBuildPhase section */

/* Begin PBXSourcesBuildPhase section */
		15A3B4FD26EE147B00A57ADD /* Sources */ = {
			isa = PBXSourcesBuildPhase;
			buildActionMask = 2147483647;
			files = (
				15A3B50526EE147B00A57ADD /* AppDelegate.swift in Sources */,
				15A3B52726EE1ECE00A57ADD /* AddContactVC.swift in Sources */,
				15A3B52C26EF16DF00A57ADD /* AddInputTVC.swift in Sources */,
				15A3B52A26EE55E100A57ADD /* AddPhotoTVC.swift in Sources */,
				15A3B51F26EE16B900A57ADD /* MainVC.swift in Sources */,
				15A3B52226EE19F000A57ADD /* MainNameTVC.swift in Sources */,
				15A3B50726EE147B00A57ADD /* SceneDelegate.swift in Sources */,
				15A3B50F26EE147B00A57ADD /* AppleContacts.xcdatamodeld in Sources */,
			);
			runOnlyForDeploymentPostprocessing = 0;
		};
/* End PBXSourcesBuildPhase section */

/* Begin PBXVariantGroup section */
		15A3B50A26EE147B00A57ADD /* Main.storyboard */ = {
			isa = PBXVariantGroup;
			children = (
				15A3B50B26EE147B00A57ADD /* Base */,
			);
			name = Main.storyboard;
			sourceTree = "<group>";
		};
		15A3B51226EE147B00A57ADD /* LaunchScreen.storyboard */ = {
			isa = PBXVariantGroup;
			children = (
				15A3B51326EE147B00A57ADD /* Base */,
			);
			name = LaunchScreen.storyboard;
			sourceTree = "<group>";
		};
/* End PBXVariantGroup section */

/* Begin XCBuildConfiguration section */
		15A3B51626EE147B00A57ADD /* Debug */ = {
			isa = XCBuildConfiguration;
			buildSettings = {
				ALWAYS_SEARCH_USER_PATHS = NO;
				CLANG_ANALYZER_NONNULL = YES;
				CLANG_ANALYZER_NUMBER_OBJECT_CONVERSION = YES_AGGRESSIVE;
				CLANG_CXX_LANGUAGE_STANDARD = "gnu++14";
				CLANG_CXX_LIBRARY = "libc++";
				CLANG_ENABLE_MODULES = YES;
				CLANG_ENABLE_OBJC_ARC = YES;
				CLANG_ENABLE_OBJC_WEAK = YES;
				CLANG_WARN_BLOCK_CAPTURE_AUTORELEASING = YES;
				CLANG_WARN_BOOL_CONVERSION = YES;
				CLANG_WARN_COMMA = YES;
				CLANG_WARN_CONSTANT_CONVERSION = YES;
				CLANG_WARN_DEPRECATED_OBJC_IMPLEMENTATIONS = YES;
				CLANG_WARN_DIRECT_OBJC_ISA_USAGE = YES_ERROR;
				CLANG_WARN_DOCUMENTATION_COMMENTS = YES;
				CLANG_WARN_EMPTY_BODY = YES;
				CLANG_WARN_ENUM_CONVERSION = YES;
				CLANG_WARN_INFINITE_RECURSION = YES;
				CLANG_WARN_INT_CONVERSION = YES;
				CLANG_WARN_NON_LITERAL_NULL_CONVERSION = YES;
				CLANG_WARN_OBJC_IMPLICIT_RETAIN_SELF = YES;
				CLANG_WARN_OBJC_LITERAL_CONVERSION = YES;
				CLANG_WARN_OBJC_ROOT_CLASS = YES_ERROR;
				CLANG_WARN_QUOTED_INCLUDE_IN_FRAMEWORK_HEADER = YES;
				CLANG_WARN_RANGE_LOOP_ANALYSIS = YES;
				CLANG_WARN_STRICT_PROTOTYPES = YES;
				CLANG_WARN_SUSPICIOUS_MOVE = YES;
				CLANG_WARN_UNGUARDED_AVAILABILITY = YES_AGGRESSIVE;
				CLANG_WARN_UNREACHABLE_CODE = YES;
				CLANG_WARN__DUPLICATE_METHOD_MATCH = YES;
				COPY_PHASE_STRIP = NO;
				DEBUG_INFORMATION_FORMAT = dwarf;
				ENABLE_STRICT_OBJC_MSGSEND = YES;
				ENABLE_TESTABILITY = YES;
				GCC_C_LANGUAGE_STANDARD = gnu11;
				GCC_DYNAMIC_NO_PIC = NO;
				GCC_NO_COMMON_BLOCKS = YES;
				GCC_OPTIMIZATION_LEVEL = 0;
				GCC_PREPROCESSOR_DEFINITIONS = (
					"DEBUG=1",
					"$(inherited)",
				);
				GCC_WARN_64_TO_32_BIT_CONVERSION = YES;
				GCC_WARN_ABOUT_RETURN_TYPE = YES_ERROR;
				GCC_WARN_UNDECLARED_SELECTOR = YES;
				GCC_WARN_UNINITIALIZED_AUTOS = YES_AGGRESSIVE;
				GCC_WARN_UNUSED_FUNCTION = YES;
				GCC_WARN_UNUSED_VARIABLE = YES;
				IPHONEOS_DEPLOYMENT_TARGET = 14.5;
				MTL_ENABLE_DEBUG_INFO = INCLUDE_SOURCE;
				MTL_FAST_MATH = YES;
				ONLY_ACTIVE_ARCH = YES;
				SDKROOT = iphoneos;
				SWIFT_ACTIVE_COMPILATION_CONDITIONS = DEBUG;
				SWIFT_OPTIMIZATION_LEVEL = "-Onone";
			};
			name = Debug;
		};
		15A3B51726EE147B00A57ADD /* Release */ = {
			isa = XCBuildConfiguration;
			buildSettings = {
				ALWAYS_SEARCH_USER_PATHS = NO;
				CLANG_ANALYZER_NONNULL = YES;
				CLANG_ANALYZER_NUMBER_OBJECT_CONVERSION = YES_AGGRESSIVE;
				CLANG_CXX_LANGUAGE_STANDARD = "gnu++14";
				CLANG_CXX_LIBRARY = "libc++";
				CLANG_ENABLE_MODULES = YES;
				CLANG_ENABLE_OBJC_ARC = YES;
				CLANG_ENABLE_OBJC_WEAK = YES;
				CLANG_WARN_BLOCK_CAPTURE_AUTORELEASING = YES;
				CLANG_WARN_BOOL_CONVERSION = YES;
				CLANG_WARN_COMMA = YES;
				CLANG_WARN_CONSTANT_CONVERSION = YES;
				CLANG_WARN_DEPRECATED_OBJC_IMPLEMENTATIONS = YES;
				CLANG_WARN_DIRECT_OBJC_ISA_USAGE = YES_ERROR;
				CLANG_WARN_DOCUMENTATION_COMMENTS = YES;
				CLANG_WARN_EMPTY_BODY = YES;
				CLANG_WARN_ENUM_CONVERSION = YES;
				CLANG_WARN_INFINITE_RECURSION = YES;
				CLANG_WARN_INT_CONVERSION = YES;
				CLANG_WARN_NON_LITERAL_NULL_CONVERSION = YES;
				CLANG_WARN_OBJC_IMPLICIT_RETAIN_SELF = YES;
				CLANG_WARN_OBJC_LITERAL_CONVERSION = YES;
				CLANG_WARN_OBJC_ROOT_CLASS = YES_ERROR;
				CLANG_WARN_QUOTED_INCLUDE_IN_FRAMEWORK_HEADER = YES;
				CLANG_WARN_RANGE_LOOP_ANALYSIS = YES;
				CLANG_WARN_STRICT_PROTOTYPES = YES;
				CLANG_WARN_SUSPICIOUS_MOVE = YES;
				CLANG_WARN_UNGUARDED_AVAILABILITY = YES_AGGRESSIVE;
				CLANG_WARN_UNREACHABLE_CODE = YES;
				CLANG_WARN__DUPLICATE_METHOD_MATCH = YES;
				COPY_PHASE_STRIP = NO;
				DEBUG_INFORMATION_FORMAT = "dwarf-with-dsym";
				ENABLE_NS_ASSERTIONS = NO;
				ENABLE_STRICT_OBJC_MSGSEND = YES;
				GCC_C_LANGUAGE_STANDARD = gnu11;
				GCC_NO_COMMON_BLOCKS = YES;
				GCC_WARN_64_TO_32_BIT_CONVERSION = YES;
				GCC_WARN_ABOUT_RETURN_TYPE = YES_ERROR;
				GCC_WARN_UNDECLARED_SELECTOR = YES;
				GCC_WARN_UNINITIALIZED_AUTOS = YES_AGGRESSIVE;
				GCC_WARN_UNUSED_FUNCTION = YES;
				GCC_WARN_UNUSED_VARIABLE = YES;
				IPHONEOS_DEPLOYMENT_TARGET = 14.5;
				MTL_ENABLE_DEBUG_INFO = NO;
				MTL_FAST_MATH = YES;
				SDKROOT = iphoneos;
				SWIFT_COMPILATION_MODE = wholemodule;
				SWIFT_OPTIMIZATION_LEVEL = "-O";
				VALIDATE_PRODUCT = YES;
			};
			name = Release;
		};
		15A3B51926EE147B00A57ADD /* Debug */ = {
			isa = XCBuildConfiguration;
			buildSettings = {
				ASSETCATALOG_COMPILER_APPICON_NAME = AppIcon;
				ASSETCATALOG_COMPILER_GLOBAL_ACCENT_COLOR_NAME = AccentColor;
				CODE_SIGN_STYLE = Automatic;
				INFOPLIST_FILE = AppleContacts/Info.plist;
				LD_RUNPATH_SEARCH_PATHS = (
					"$(inherited)",
					"@executable_path/Frameworks",
				);
				PRODUCT_BUNDLE_IDENTIFIER = kimhyesu.AppleContacts;
				PRODUCT_NAME = "$(TARGET_NAME)";
				SWIFT_VERSION = 5.0;
				TARGETED_DEVICE_FAMILY = "1,2";
			};
			name = Debug;
		};
		15A3B51A26EE147B00A57ADD /* Release */ = {
			isa = XCBuildConfiguration;
			buildSettings = {
				ASSETCATALOG_COMPILER_APPICON_NAME = AppIcon;
				ASSETCATALOG_COMPILER_GLOBAL_ACCENT_COLOR_NAME = AccentColor;
				CODE_SIGN_STYLE = Automatic;
				INFOPLIST_FILE = AppleContacts/Info.plist;
				LD_RUNPATH_SEARCH_PATHS = (
					"$(inherited)",
					"@executable_path/Frameworks",
				);
				PRODUCT_BUNDLE_IDENTIFIER = kimhyesu.AppleContacts;
				PRODUCT_NAME = "$(TARGET_NAME)";
				SWIFT_VERSION = 5.0;
				TARGETED_DEVICE_FAMILY = "1,2";
			};
			name = Release;
		};
/* End XCBuildConfiguration section */

/* Begin XCConfigurationList section */
		15A3B4FC26EE147A00A57ADD /* Build configuration list for PBXProject "AppleContacts" */ = {
			isa = XCConfigurationList;
			buildConfigurations = (
				15A3B51626EE147B00A57ADD /* Debug */,
				15A3B51726EE147B00A57ADD /* Release */,
			);
			defaultConfigurationIsVisible = 0;
			defaultConfigurationName = Release;
		};
		15A3B51826EE147B00A57ADD /* Build configuration list for PBXNativeTarget "AppleContacts" */ = {
			isa = XCConfigurationList;
			buildConfigurations = (
				15A3B51926EE147B00A57ADD /* Debug */,
				15A3B51A26EE147B00A57ADD /* Release */,
			);
			defaultConfigurationIsVisible = 0;
			defaultConfigurationName = Release;
		};
/* End XCConfigurationList section */

/* Begin XCVersionGroup section */
		15A3B50D26EE147B00A57ADD /* AppleContacts.xcdatamodeld */ = {
			isa = XCVersionGroup;
			children = (
				15A3B50E26EE147B00A57ADD /* AppleContacts.xcdatamodel */,
			);
			currentVersion = 15A3B50E26EE147B00A57ADD /* AppleContacts.xcdatamodel */;
			path = AppleContacts.xcdatamodeld;
			sourceTree = "<group>";
			versionGroupType = wrapper.xcdatamodel;
		};
/* End XCVersionGroup section */
	};
	rootObject = 15A3B4F926EE147A00A57ADD /* Project object */;
}
